{
  "name": "devin-plugin-cc",
  "version": "1.0.1",
  "lockfileVersion": 3,
  "requires": true,
  "packages": {
    "": {
      "name": "devin-plugin-cc",
      "version": "1.0.1",
      "license": "Apache-2.0",
      "bin": {
        "devin-plugin-cc": "plugins/devin/scripts/devin-companion.mjs"
      },
      "engines": {
        "node": ">=18.18"
      }
    }
  }
}
